
Microsoft Visual Studio Solution File, Format Version 12.00
# Visual Studio Version 17
VisualStudioVersion = 17.11.35327.3
MinimumVisualStudioVersion = 10.0.40219.1
Project("{8BC9CEB8-8B4A-11D0-8D11-00A0C91BC942}") = "lab3", "lab3\lab3.vcxproj", "{55B4976D-E2D4-41E5-B673-651297894440}"
EndProject
Project("{8BC9CEB8-8B4A-11D0-8D11-00A0C91BC942}") = "lab3_1", "lab3_1\lab3_1.vcxproj", "{90BDA9AC-54AA-4F6D-82D2-5827FFB80005}"
EndProject
Project("{8BC9CEB8-8B4A-11D0-8D11-00A0C91BC942}") = "lab3_2", "lab3_2\lab3_2.vcxproj", "{5E02D32B-22B8-4744-8521-9B58318B782B}"
EndProject
Project("{8BC9CEB8-8B4A-11D0-8D11-00A0C91BC942}") = "ProcessList", "ProcessList\ProcessList.vcxproj", "{A413000D-B775-4B0A-8A3A-EFE57727BF72}"
EndProject
Project("{8BC9CEB8-8B4A-11D0-8D11-00A0C91BC942}") = "OS04_01", "OS04_01\OS04_01.vcxproj", "{2C58D50D-A1FD-4061-A465-9ABDD0D8E946}"
EndProject
Project("{8BC9CEB8-8B4A-11D0-8D11-00A0C91BC942}") = "OS04_02", "OS04_02\OS04_02.vcxproj", "{7A3D2752-4BE4-4CF2-9B60-D3C94F0E4655}"
EndProject
Project("{8BC9CEB8-8B4A-11D0-8D11-00A0C91BC942}") = "OS04_03_old", "OS04_3\OS04_3.vcxproj", "{1EADF13E-E287-4C0A-A559-6FC822B39D43}"
EndProject
Project("{8BC9CEB8-8B4A-11D0-8D11-00A0C91BC942}") = "OS04_05", "OS04_05\OS04_05.vcxproj", "{65FA54C4-A845-43F3-ADF8-EEAEC92D97C2}"
EndProject
Project("{8BC9CEB8-8B4A-11D0-8D11-00A0C91BC942}") = "OS04_03", "OS04_03\OS04_03.vcxproj", "{C82501BC-46D8-4347-91FF-5504EE13B6DE}"
EndProject
Project("{9A19103F-16F7-4668-BE54-9A1E7A4F7556}") = "OS04_04", "OS04_04\OS04_04.csproj", "{2649722A-BFF8-49DA-B75A-759A37654BD2}"
EndProject
Project("{FAE04EC0-301F-11D3-BF4B-00C04F79EFBC}") = "OS04_06", "OS04_06\OS04_06.csproj", "{60D6AC0B-0896-4799-9195-7762E15A5E3E}"
EndProject
Project("{FAE04EC0-301F-11D3-BF4B-00C04F79EFBC}") = "OS04_07", "OS04_07\OS04_07.csproj", "{17071618-B84E-40DB-9E08-8EC49DD23C7E}"
EndProject
Project("{FAE04EC0-301F-11D3-BF4B-00C04F79EFBC}") = "OS04_08", "OS04_08\OS04_08.csproj", "{6E2A861A-3A86-4A85-A3BF-5DBF0E9DBAEE}"
EndProject
Project("{FAE04EC0-301F-11D3-BF4B-00C04F79EFBC}") = "OS04_09", "OS04_09\OS04_09.csproj", "{F0EC5856-C6F3-4B58-92AA-EC28ABCA154D}"
EndProject
Project("{FAE04EC0-301F-11D3-BF4B-00C04F79EFBC}") = "OS04_10", "OS04_10\OS04_10.csproj", "{C80A383B-82BE-4C48-8FA0-2BBFFBA21971}"
EndProject
Project("{8BC9CEB8-8B4A-11D0-8D11-00A0C91BC942}") = "OS05_01", "OS05_01\OS05_01.vcxproj", "{82AB510A-B62D-4AFE-B4EC-F5482947E1CA}"
EndProject
Project("{FAE04EC0-301F-11D3-BF4B-00C04F79EFBC}") = "Test", "Test\Test.csproj", "{059DA55C-311B-4916-8F63-0317AA18CE94}"
EndProject
Project("{FAE04EC0-301F-11D3-BF4B-00C04F79EFBC}") = "OS05_02", "OS05_02\OS05_02.csproj", "{53AE9B87-EDDD-4749-8E95-0065471288EC}"
EndProject
Project("{FAE04EC0-301F-11D3-BF4B-00C04F79EFBC}") = "OS05_03", "OS05_03\OS05_03.csproj", "{B89B3121-84EC-4728-B9DD-9A23E5BAFF93}"
EndProject
Project("{2150E333-8FDC-42A3-9474-1A3956D46DE8}") = "OS03", "OS03", "{19933592-6576-4434-A55D-82F67FBBBC9B}"
EndProject
Project("{2150E333-8FDC-42A3-9474-1A3956D46DE8}") = "OS04", "OS04", "{7B1D0B3F-CBBC-4BE7-9FB7-E61F5177D29D}"
EndProject
Project("{2150E333-8FDC-42A3-9474-1A3956D46DE8}") = "OS05", "OS05", "{8C146771-BCC9-44D4-9B43-14E66460EE76}"
EndProject
Project("{2150E333-8FDC-42A3-9474-1A3956D46DE8}") = "OS06", "OS06", "{1EDF55A1-EC42-4E26-8A6C-C2CF2E5A195A}"
EndProject
Project("{8BC9CEB8-8B4A-11D0-8D11-00A0C91BC942}") = "OS06_02", "OS06_02\OS06_02.vcxproj", "{E0BAF78F-506C-4CA3-BA94-46515D82A04C}"
EndProject
Project("{8BC9CEB8-8B4A-11D0-8D11-00A0C91BC942}") = "OS06_03", "OS06_03\OS06_03.vcxproj", "{1842434C-864B-43B7-82FF-BE5B039FEE0E}"
EndProject
Project("{8BC9CEB8-8B4A-11D0-8D11-00A0C91BC942}") = "OS06_03A", "OS06_03A\OS06_03A.vcxproj", "{1BE34B23-0EFC-4B6A-B518-86E24134B0DF}"
EndProject
Project("{8BC9CEB8-8B4A-11D0-8D11-00A0C91BC942}") = "OS06_03B", "OS06_03B\OS06_03B.vcxproj", "{00BC488A-0BA5-4561-B13A-B50477F7E9BD}"
EndProject
Project("{8BC9CEB8-8B4A-11D0-8D11-00A0C91BC942}") = "OS06_04", "OS06_04\OS06_04.vcxproj", "{1690A454-E331-46B5-9ABD-ADC3CCD86DBF}"
EndProject
Project("{8BC9CEB8-8B4A-11D0-8D11-00A0C91BC942}") = "OS06_04A", "OS06_04A\OS06_04A.vcxproj", "{C7C9E1D8-21B6-459C-8B39-4AEE8182C0C5}"
EndProject
Project("{8BC9CEB8-8B4A-11D0-8D11-00A0C91BC942}") = "OS06_04B", "OS06_04B\OS06_04B.vcxproj", "{E85E7EAD-78A2-46E9-81A4-4C4FE8775018}"
EndProject
Project("{8BC9CEB8-8B4A-11D0-8D11-00A0C91BC942}") = "OS06_05", "OS06_05\OS06_05.vcxproj", "{D76065D1-E7ED-4E40-A9E7-89A04652E56B}"
EndProject
Project("{8BC9CEB8-8B4A-11D0-8D11-00A0C91BC942}") = "OS06_05A", "OS06_05A\OS06_05A.vcxproj", "{12F39D97-9413-4976-8344-7F7F97F693CF}"
EndProject
Project("{8BC9CEB8-8B4A-11D0-8D11-00A0C91BC942}") = "OS06_05B", "OS06_05B\OS06_05B.vcxproj", "{ACB0E576-8E34-435F-AACF-34239DA2CF21}"
EndProject
Project("{8BC9CEB8-8B4A-11D0-8D11-00A0C91BC942}") = "OS06_01", "OS06_01\OS06_01.vcxproj", "{440355E3-6C17-451A-A6B7-79C81C9F979F}"
EndProject
Project("{2150E333-8FDC-42A3-9474-1A3956D46DE8}") = "OS07", "OS07", "{06246AAB-CBCD-4B00-8F6D-486E7093BA82}"
EndProject
Project("{8BC9CEB8-8B4A-11D0-8D11-00A0C91BC942}") = "OS07_01", "OS07_01\OS07_01.vcxproj", "{3E598B21-9296-4D7A-ABF1-90B76D47D447}"
EndProject
Project("{8BC9CEB8-8B4A-11D0-8D11-00A0C91BC942}") = "OS07_02", "OS07_02\OS07_02.vcxproj", "{6A3F9211-63D1-4D2C-A1AE-5A0412EB1A57}"
EndProject
Project("{8BC9CEB8-8B4A-11D0-8D11-00A0C91BC942}") = "OS07_03", "OS07_03\OS07_03.vcxproj", "{A1BF9659-EF48-40F4-A38C-B02E8FD0A395}"
EndProject
Project("{8BC9CEB8-8B4A-11D0-8D11-00A0C91BC942}") = "OS07_04", "OS07_04\OS07_04.vcxproj", "{CA35BA13-5CFF-42C8-AA58-1DC2C169CA3A}"
EndProject
Project("{8BC9CEB8-8B4A-11D0-8D11-00A0C91BC942}") = "OS07_04x", "OS07_04x\OS07_04x.vcxproj", "{B1E1B2BF-83CF-4155-AAD6-EFCC23A9FC35}"
EndProject
Project("{2150E333-8FDC-42A3-9474-1A3956D46DE8}") = "OS08", "OS08", "{81EC0DBD-1EBC-4E0F-BE45-74164CD941D7}"
EndProject
Project("{2150E333-8FDC-42A3-9474-1A3956D46DE8}") = "OS09", "OS09", "{20D4B7E4-226B-4920-9E15-822E0C6C77E9}"
EndProject
Project("{FAE04EC0-301F-11D3-BF4B-00C04F79EFBC}") = "OS09_01", "OS09_01\OS09_01.csproj", "{3469BA13-BFCF-477B-A6CD-D9926CEBF6FB}"
EndProject
Project("{FAE04EC0-301F-11D3-BF4B-00C04F79EFBC}") = "OS09_02", "OS09_02\OS09_02.csproj", "{ABAE82E0-B064-401D-9FCB-D3EAA4A48FDB}"
EndProject
Project("{FAE04EC0-301F-11D3-BF4B-00C04F79EFBC}") = "OS09_03", "OS09_03\OS09_03.csproj", "{B2D07F97-B0D9-434E-B4EE-050E1289A165}"
EndProject
Project("{FAE04EC0-301F-11D3-BF4B-00C04F79EFBC}") = "OS09_04", "OS09_04\OS09_04.csproj", "{04210546-61EE-47B5-AC45-A1C5CD64C13A}"
EndProject
Global
	GlobalSection(SolutionConfigurationPlatforms) = preSolution
		Debug|Any CPU = Debug|Any CPU
		Debug|x64 = Debug|x64
		Debug|x86 = Debug|x86
		Release|Any CPU = Release|Any CPU
		Release|x64 = Release|x64
		Release|x86 = Release|x86
	EndGlobalSection
	GlobalSection(ProjectConfigurationPlatforms) = postSolution
		{55B4976D-E2D4-41E5-B673-651297894440}.Debug|Any CPU.ActiveCfg = Debug|x64
		{55B4976D-E2D4-41E5-B673-651297894440}.Debug|Any CPU.Build.0 = Debug|x64
		{55B4976D-E2D4-41E5-B673-651297894440}.Debug|x64.ActiveCfg = Debug|x64
		{55B4976D-E2D4-41E5-B673-651297894440}.Debug|x64.Build.0 = Debug|x64
		{55B4976D-E2D4-41E5-B673-651297894440}.Debug|x86.ActiveCfg = Debug|Win32
		{55B4976D-E2D4-41E5-B673-651297894440}.Debug|x86.Build.0 = Debug|Win32
		{55B4976D-E2D4-41E5-B673-651297894440}.Release|Any CPU.ActiveCfg = Release|x64
		{55B4976D-E2D4-41E5-B673-651297894440}.Release|Any CPU.Build.0 = Release|x64
		{55B4976D-E2D4-41E5-B673-651297894440}.Release|x64.ActiveCfg = Release|x64
		{55B4976D-E2D4-41E5-B673-651297894440}.Release|x64.Build.0 = Release|x64
		{55B4976D-E2D4-41E5-B673-651297894440}.Release|x86.ActiveCfg = Release|Win32
		{55B4976D-E2D4-41E5-B673-651297894440}.Release|x86.Build.0 = Release|Win32
		{90BDA9AC-54AA-4F6D-82D2-5827FFB80005}.Debug|Any CPU.ActiveCfg = Debug|x64
		{90BDA9AC-54AA-4F6D-82D2-5827FFB80005}.Debug|Any CPU.Build.0 = Debug|x64
		{90BDA9AC-54AA-4F6D-82D2-5827FFB80005}.Debug|x64.ActiveCfg = Debug|x64
		{90BDA9AC-54AA-4F6D-82D2-5827FFB80005}.Debug|x64.Build.0 = Debug|x64
		{90BDA9AC-54AA-4F6D-82D2-5827FFB80005}.Debug|x86.ActiveCfg = Debug|Win32
		{90BDA9AC-54AA-4F6D-82D2-5827FFB80005}.Debug|x86.Build.0 = Debug|Win32
		{90BDA9AC-54AA-4F6D-82D2-5827FFB80005}.Release|Any CPU.ActiveCfg = Release|x64
		{90BDA9AC-54AA-4F6D-82D2-5827FFB80005}.Release|Any CPU.Build.0 = Release|x64
		{90BDA9AC-54AA-4F6D-82D2-5827FFB80005}.Release|x64.ActiveCfg = Release|x64
		{90BDA9AC-54AA-4F6D-82D2-5827FFB80005}.Release|x64.Build.0 = Release|x64
		{90BDA9AC-54AA-4F6D-82D2-5827FFB80005}.Release|x86.ActiveCfg = Release|Win32
		{90BDA9AC-54AA-4F6D-82D2-5827FFB80005}.Release|x86.Build.0 = Release|Win32
		{5E02D32B-22B8-4744-8521-9B58318B782B}.Debug|Any CPU.ActiveCfg = Debug|x64
		{5E02D32B-22B8-4744-8521-9B58318B782B}.Debug|Any CPU.Build.0 = Debug|x64
		{5E02D32B-22B8-4744-8521-9B58318B782B}.Debug|x64.ActiveCfg = Debug|x64
		{5E02D32B-22B8-4744-8521-9B58318B782B}.Debug|x64.Build.0 = Debug|x64
		{5E02D32B-22B8-4744-8521-9B58318B782B}.Debug|x86.ActiveCfg = Debug|Win32
		{5E02D32B-22B8-4744-8521-9B58318B782B}.Debug|x86.Build.0 = Debug|Win32
		{5E02D32B-22B8-4744-8521-9B58318B782B}.Release|Any CPU.ActiveCfg = Release|x64
		{5E02D32B-22B8-4744-8521-9B58318B782B}.Release|Any CPU.Build.0 = Release|x64
		{5E02D32B-22B8-4744-8521-9B58318B782B}.Release|x64.ActiveCfg = Release|x64
		{5E02D32B-22B8-4744-8521-9B58318B782B}.Release|x64.Build.0 = Release|x64
		{5E02D32B-22B8-4744-8521-9B58318B782B}.Release|x86.ActiveCfg = Release|Win32
		{5E02D32B-22B8-4744-8521-9B58318B782B}.Release|x86.Build.0 = Release|Win32
		{A413000D-B775-4B0A-8A3A-EFE57727BF72}.Debug|Any CPU.ActiveCfg = Debug|x64
		{A413000D-B775-4B0A-8A3A-EFE57727BF72}.Debug|Any CPU.Build.0 = Debug|x64
		{A413000D-B775-4B0A-8A3A-EFE57727BF72}.Debug|x64.ActiveCfg = Debug|x64
		{A413000D-B775-4B0A-8A3A-EFE57727BF72}.Debug|x64.Build.0 = Debug|x64
		{A413000D-B775-4B0A-8A3A-EFE57727BF72}.Debug|x86.ActiveCfg = Debug|Win32
		{A413000D-B775-4B0A-8A3A-EFE57727BF72}.Debug|x86.Build.0 = Debug|Win32
		{A413000D-B775-4B0A-8A3A-EFE57727BF72}.Release|Any CPU.ActiveCfg = Release|x64
		{A413000D-B775-4B0A-8A3A-EFE57727BF72}.Release|Any CPU.Build.0 = Release|x64
		{A413000D-B775-4B0A-8A3A-EFE57727BF72}.Release|x64.ActiveCfg = Release|x64
		{A413000D-B775-4B0A-8A3A-EFE57727BF72}.Release|x64.Build.0 = Release|x64
		{A413000D-B775-4B0A-8A3A-EFE57727BF72}.Release|x86.ActiveCfg = Release|Win32
		{A413000D-B775-4B0A-8A3A-EFE57727BF72}.Release|x86.Build.0 = Release|Win32
		{2C58D50D-A1FD-4061-A465-9ABDD0D8E946}.Debug|Any CPU.ActiveCfg = Debug|x64
		{2C58D50D-A1FD-4061-A465-9ABDD0D8E946}.Debug|Any CPU.Build.0 = Debug|x64
		{2C58D50D-A1FD-4061-A465-9ABDD0D8E946}.Debug|x64.ActiveCfg = Debug|x64
		{2C58D50D-A1FD-4061-A465-9ABDD0D8E946}.Debug|x64.Build.0 = Debug|x64
		{2C58D50D-A1FD-4061-A465-9ABDD0D8E946}.Debug|x86.ActiveCfg = Debug|Win32
		{2C58D50D-A1FD-4061-A465-9ABDD0D8E946}.Debug|x86.Build.0 = Debug|Win32
		{2C58D50D-A1FD-4061-A465-9ABDD0D8E946}.Release|Any CPU.ActiveCfg = Release|x64
		{2C58D50D-A1FD-4061-A465-9ABDD0D8E946}.Release|Any CPU.Build.0 = Release|x64
		{2C58D50D-A1FD-4061-A465-9ABDD0D8E946}.Release|x64.ActiveCfg = Release|x64
		{2C58D50D-A1FD-4061-A465-9ABDD0D8E946}.Release|x64.Build.0 = Release|x64
		{2C58D50D-A1FD-4061-A465-9ABDD0D8E946}.Release|x86.ActiveCfg = Release|Win32
		{2C58D50D-A1FD-4061-A465-9ABDD0D8E946}.Release|x86.Build.0 = Release|Win32
		{7A3D2752-4BE4-4CF2-9B60-D3C94F0E4655}.Debug|Any CPU.ActiveCfg = Debug|x64
		{7A3D2752-4BE4-4CF2-9B60-D3C94F0E4655}.Debug|Any CPU.Build.0 = Debug|x64
		{7A3D2752-4BE4-4CF2-9B60-D3C94F0E4655}.Debug|x64.ActiveCfg = Debug|x64
		{7A3D2752-4BE4-4CF2-9B60-D3C94F0E4655}.Debug|x64.Build.0 = Debug|x64
		{7A3D2752-4BE4-4CF2-9B60-D3C94F0E4655}.Debug|x86.ActiveCfg = Debug|Win32
		{7A3D2752-4BE4-4CF2-9B60-D3C94F0E4655}.Debug|x86.Build.0 = Debug|Win32
		{7A3D2752-4BE4-4CF2-9B60-D3C94F0E4655}.Release|Any CPU.ActiveCfg = Release|x64
		{7A3D2752-4BE4-4CF2-9B60-D3C94F0E4655}.Release|Any CPU.Build.0 = Release|x64
		{7A3D2752-4BE4-4CF2-9B60-D3C94F0E4655}.Release|x64.ActiveCfg = Release|x64
		{7A3D2752-4BE4-4CF2-9B60-D3C94F0E4655}.Release|x64.Build.0 = Release|x64
		{7A3D2752-4BE4-4CF2-9B60-D3C94F0E4655}.Release|x86.ActiveCfg = Release|Win32
		{7A3D2752-4BE4-4CF2-9B60-D3C94F0E4655}.Release|x86.Build.0 = Release|Win32
		{1EADF13E-E287-4C0A-A559-6FC822B39D43}.Debug|Any CPU.ActiveCfg = Debug|x64
		{1EADF13E-E287-4C0A-A559-6FC822B39D43}.Debug|Any CPU.Build.0 = Debug|x64
		{1EADF13E-E287-4C0A-A559-6FC822B39D43}.Debug|x64.ActiveCfg = Debug|x64
		{1EADF13E-E287-4C0A-A559-6FC822B39D43}.Debug|x64.Build.0 = Debug|x64
		{1EADF13E-E287-4C0A-A559-6FC822B39D43}.Debug|x86.ActiveCfg = Debug|Win32
		{1EADF13E-E287-4C0A-A559-6FC822B39D43}.Debug|x86.Build.0 = Debug|Win32
		{1EADF13E-E287-4C0A-A559-6FC822B39D43}.Release|Any CPU.ActiveCfg = Release|x64
		{1EADF13E-E287-4C0A-A559-6FC822B39D43}.Release|Any CPU.Build.0 = Release|x64
		{1EADF13E-E287-4C0A-A559-6FC822B39D43}.Release|x64.ActiveCfg = Release|x64
		{1EADF13E-E287-4C0A-A559-6FC822B39D43}.Release|x64.Build.0 = Release|x64
		{1EADF13E-E287-4C0A-A559-6FC822B39D43}.Release|x86.ActiveCfg = Release|Win32
		{1EADF13E-E287-4C0A-A559-6FC822B39D43}.Release|x86.Build.0 = Release|Win32
		{65FA54C4-A845-43F3-ADF8-EEAEC92D97C2}.Debug|Any CPU.ActiveCfg = Debug|x64
		{65FA54C4-A845-43F3-ADF8-EEAEC92D97C2}.Debug|Any CPU.Build.0 = Debug|x64
		{65FA54C4-A845-43F3-ADF8-EEAEC92D97C2}.Debug|x64.ActiveCfg = Debug|x64
		{65FA54C4-A845-43F3-ADF8-EEAEC92D97C2}.Debug|x64.Build.0 = Debug|x64
		{65FA54C4-A845-43F3-ADF8-EEAEC92D97C2}.Debug|x86.ActiveCfg = Debug|Win32
		{65FA54C4-A845-43F3-ADF8-EEAEC92D97C2}.Debug|x86.Build.0 = Debug|Win32
		{65FA54C4-A845-43F3-ADF8-EEAEC92D97C2}.Release|Any CPU.ActiveCfg = Release|x64
		{65FA54C4-A845-43F3-ADF8-EEAEC92D97C2}.Release|Any CPU.Build.0 = Release|x64
		{65FA54C4-A845-43F3-ADF8-EEAEC92D97C2}.Release|x64.ActiveCfg = Release|x64
		{65FA54C4-A845-43F3-ADF8-EEAEC92D97C2}.Release|x64.Build.0 = Release|x64
		{65FA54C4-A845-43F3-ADF8-EEAEC92D97C2}.Release|x86.ActiveCfg = Release|Win32
		{65FA54C4-A845-43F3-ADF8-EEAEC92D97C2}.Release|x86.Build.0 = Release|Win32
		{C82501BC-46D8-4347-91FF-5504EE13B6DE}.Debug|Any CPU.ActiveCfg = Debug|x64
		{C82501BC-46D8-4347-91FF-5504EE13B6DE}.Debug|Any CPU.Build.0 = Debug|x64
		{C82501BC-46D8-4347-91FF-5504EE13B6DE}.Debug|x64.ActiveCfg = Debug|x64
		{C82501BC-46D8-4347-91FF-5504EE13B6DE}.Debug|x64.Build.0 = Debug|x64
		{C82501BC-46D8-4347-91FF-5504EE13B6DE}.Debug|x86.ActiveCfg = Debug|Win32
		{C82501BC-46D8-4347-91FF-5504EE13B6DE}.Debug|x86.Build.0 = Debug|Win32
		{C82501BC-46D8-4347-91FF-5504EE13B6DE}.Release|Any CPU.ActiveCfg = Release|x64
		{C82501BC-46D8-4347-91FF-5504EE13B6DE}.Release|Any CPU.Build.0 = Release|x64
		{C82501BC-46D8-4347-91FF-5504EE13B6DE}.Release|x64.ActiveCfg = Release|x64
		{C82501BC-46D8-4347-91FF-5504EE13B6DE}.Release|x64.Build.0 = Release|x64
		{C82501BC-46D8-4347-91FF-5504EE13B6DE}.Release|x86.ActiveCfg = Release|Win32
		{C82501BC-46D8-4347-91FF-5504EE13B6DE}.Release|x86.Build.0 = Release|Win32
		{2649722A-BFF8-49DA-B75A-759A37654BD2}.Debug|Any CPU.ActiveCfg = Debug|Any CPU
		{2649722A-BFF8-49DA-B75A-759A37654BD2}.Debug|Any CPU.Build.0 = Debug|Any CPU
		{2649722A-BFF8-49DA-B75A-759A37654BD2}.Debug|x64.ActiveCfg = Debug|Any CPU
		{2649722A-BFF8-49DA-B75A-759A37654BD2}.Debug|x64.Build.0 = Debug|Any CPU
		{2649722A-BFF8-49DA-B75A-759A37654BD2}.Debug|x86.ActiveCfg = Debug|Any CPU
		{2649722A-BFF8-49DA-B75A-759A37654BD2}.Debug|x86.Build.0 = Debug|Any CPU
		{2649722A-BFF8-49DA-B75A-759A37654BD2}.Release|Any CPU.ActiveCfg = Release|Any CPU
		{2649722A-BFF8-49DA-B75A-759A37654BD2}.Release|Any CPU.Build.0 = Release|Any CPU
		{2649722A-BFF8-49DA-B75A-759A37654BD2}.Release|x64.ActiveCfg = Release|Any CPU
		{2649722A-BFF8-49DA-B75A-759A37654BD2}.Release|x64.Build.0 = Release|Any CPU
		{2649722A-BFF8-49DA-B75A-759A37654BD2}.Release|x86.ActiveCfg = Release|Any CPU
		{2649722A-BFF8-49DA-B75A-759A37654BD2}.Release|x86.Build.0 = Release|Any CPU
		{60D6AC0B-0896-4799-9195-7762E15A5E3E}.Debug|Any CPU.ActiveCfg = Debug|Any CPU
		{60D6AC0B-0896-4799-9195-7762E15A5E3E}.Debug|Any CPU.Build.0 = Debug|Any CPU
		{60D6AC0B-0896-4799-9195-7762E15A5E3E}.Debug|x64.ActiveCfg = Debug|Any CPU
		{60D6AC0B-0896-4799-9195-7762E15A5E3E}.Debug|x64.Build.0 = Debug|Any CPU
		{60D6AC0B-0896-4799-9195-7762E15A5E3E}.Debug|x86.ActiveCfg = Debug|Any CPU
		{60D6AC0B-0896-4799-9195-7762E15A5E3E}.Debug|x86.Build.0 = Debug|Any CPU
		{60D6AC0B-0896-4799-9195-7762E15A5E3E}.Release|Any CPU.ActiveCfg = Release|Any CPU
		{60D6AC0B-0896-4799-9195-7762E15A5E3E}.Release|Any CPU.Build.0 = Release|Any CPU
		{60D6AC0B-0896-4799-9195-7762E15A5E3E}.Release|x64.ActiveCfg = Release|Any CPU
		{60D6AC0B-0896-4799-9195-7762E15A5E3E}.Release|x64.Build.0 = Release|Any CPU
		{60D6AC0B-0896-4799-9195-7762E15A5E3E}.Release|x86.ActiveCfg = Release|Any CPU
		{60D6AC0B-0896-4799-9195-7762E15A5E3E}.Release|x86.Build.0 = Release|Any CPU
		{17071618-B84E-40DB-9E08-8EC49DD23C7E}.Debug|Any CPU.ActiveCfg = Debug|Any CPU
		{17071618-B84E-40DB-9E08-8EC49DD23C7E}.Debug|Any CPU.Build.0 = Debug|Any CPU
		{17071618-B84E-40DB-9E08-8EC49DD23C7E}.Debug|x64.ActiveCfg = Debug|Any CPU
		{17071618-B84E-40DB-9E08-8EC49DD23C7E}.Debug|x64.Build.0 = Debug|Any CPU
		{17071618-B84E-40DB-9E08-8EC49DD23C7E}.Debug|x86.ActiveCfg = Debug|Any CPU
		{17071618-B84E-40DB-9E08-8EC49DD23C7E}.Debug|x86.Build.0 = Debug|Any CPU
		{17071618-B84E-40DB-9E08-8EC49DD23C7E}.Release|Any CPU.ActiveCfg = Release|Any CPU
		{17071618-B84E-40DB-9E08-8EC49DD23C7E}.Release|Any CPU.Build.0 = Release|Any CPU
		{17071618-B84E-40DB-9E08-8EC49DD23C7E}.Release|x64.ActiveCfg = Release|Any CPU
		{17071618-B84E-40DB-9E08-8EC49DD23C7E}.Release|x64.Build.0 = Release|Any CPU
		{17071618-B84E-40DB-9E08-8EC49DD23C7E}.Release|x86.ActiveCfg = Release|Any CPU
		{17071618-B84E-40DB-9E08-8EC49DD23C7E}.Release|x86.Build.0 = Release|Any CPU
		{6E2A861A-3A86-4A85-A3BF-5DBF0E9DBAEE}.Debug|Any CPU.ActiveCfg = Debug|Any CPU
		{6E2A861A-3A86-4A85-A3BF-5DBF0E9DBAEE}.Debug|Any CPU.Build.0 = Debug|Any CPU
		{6E2A861A-3A86-4A85-A3BF-5DBF0E9DBAEE}.Debug|x64.ActiveCfg = Debug|Any CPU
		{6E2A861A-3A86-4A85-A3BF-5DBF0E9DBAEE}.Debug|x64.Build.0 = Debug|Any CPU
		{6E2A861A-3A86-4A85-A3BF-5DBF0E9DBAEE}.Debug|x86.ActiveCfg = Debug|Any CPU
		{6E2A861A-3A86-4A85-A3BF-5DBF0E9DBAEE}.Debug|x86.Build.0 = Debug|Any CPU
		{6E2A861A-3A86-4A85-A3BF-5DBF0E9DBAEE}.Release|Any CPU.ActiveCfg = Release|Any CPU
		{6E2A861A-3A86-4A85-A3BF-5DBF0E9DBAEE}.Release|Any CPU.Build.0 = Release|Any CPU
		{6E2A861A-3A86-4A85-A3BF-5DBF0E9DBAEE}.Release|x64.ActiveCfg = Release|Any CPU
		{6E2A861A-3A86-4A85-A3BF-5DBF0E9DBAEE}.Release|x64.Build.0 = Release|Any CPU
		{6E2A861A-3A86-4A85-A3BF-5DBF0E9DBAEE}.Release|x86.ActiveCfg = Release|Any CPU
		{6E2A861A-3A86-4A85-A3BF-5DBF0E9DBAEE}.Release|x86.Build.0 = Release|Any CPU
		{F0EC5856-C6F3-4B58-92AA-EC28ABCA154D}.Debug|Any CPU.ActiveCfg = Debug|Any CPU
		{F0EC5856-C6F3-4B58-92AA-EC28ABCA154D}.Debug|Any CPU.Build.0 = Debug|Any CPU
		{F0EC5856-C6F3-4B58-92AA-EC28ABCA154D}.Debug|x64.ActiveCfg = Debug|Any CPU
		{F0EC5856-C6F3-4B58-92AA-EC28ABCA154D}.Debug|x64.Build.0 = Debug|Any CPU
		{F0EC5856-C6F3-4B58-92AA-EC28ABCA154D}.Debug|x86.ActiveCfg = Debug|Any CPU
		{F0EC5856-C6F3-4B58-92AA-EC28ABCA154D}.Debug|x86.Build.0 = Debug|Any CPU
		{F0EC5856-C6F3-4B58-92AA-EC28ABCA154D}.Release|Any CPU.ActiveCfg = Release|Any CPU
		{F0EC5856-C6F3-4B58-92AA-EC28ABCA154D}.Release|Any CPU.Build.0 = Release|Any CPU
		{F0EC5856-C6F3-4B58-92AA-EC28ABCA154D}.Release|x64.ActiveCfg = Release|Any CPU
		{F0EC5856-C6F3-4B58-92AA-EC28ABCA154D}.Release|x64.Build.0 = Release|Any CPU
		{F0EC5856-C6F3-4B58-92AA-EC28ABCA154D}.Release|x86.ActiveCfg = Release|Any CPU
		{F0EC5856-C6F3-4B58-92AA-EC28ABCA154D}.Release|x86.Build.0 = Release|Any CPU
		{C80A383B-82BE-4C48-8FA0-2BBFFBA21971}.Debug|Any CPU.ActiveCfg = Debug|Any CPU
		{C80A383B-82BE-4C48-8FA0-2BBFFBA21971}.Debug|Any CPU.Build.0 = Debug|Any CPU
		{C80A383B-82BE-4C48-8FA0-2BBFFBA21971}.Debug|x64.ActiveCfg = Debug|Any CPU
		{C80A383B-82BE-4C48-8FA0-2BBFFBA21971}.Debug|x64.Build.0 = Debug|Any CPU
		{C80A383B-82BE-4C48-8FA0-2BBFFBA21971}.Debug|x86.ActiveCfg = Debug|Any CPU
		{C80A383B-82BE-4C48-8FA0-2BBFFBA21971}.Debug|x86.Build.0 = Debug|Any CPU
		{C80A383B-82BE-4C48-8FA0-2BBFFBA21971}.Release|Any CPU.ActiveCfg = Release|Any CPU
		{C80A383B-82BE-4C48-8FA0-2BBFFBA21971}.Release|Any CPU.Build.0 = Release|Any CPU
		{C80A383B-82BE-4C48-8FA0-2BBFFBA21971}.Release|x64.ActiveCfg = Release|Any CPU
		{C80A383B-82BE-4C48-8FA0-2BBFFBA21971}.Release|x64.Build.0 = Release|Any CPU
		{C80A383B-82BE-4C48-8FA0-2BBFFBA21971}.Release|x86.ActiveCfg = Release|Any CPU
		{C80A383B-82BE-4C48-8FA0-2BBFFBA21971}.Release|x86.Build.0 = Release|Any CPU
		{82AB510A-B62D-4AFE-B4EC-F5482947E1CA}.Debug|Any CPU.ActiveCfg = Debug|x64
		{82AB510A-B62D-4AFE-B4EC-F5482947E1CA}.Debug|Any CPU.Build.0 = Debug|x64
		{82AB510A-B62D-4AFE-B4EC-F5482947E1CA}.Debug|x64.ActiveCfg = Debug|x64
		{82AB510A-B62D-4AFE-B4EC-F5482947E1CA}.Debug|x64.Build.0 = Debug|x64
		{82AB510A-B62D-4AFE-B4EC-F5482947E1CA}.Debug|x86.ActiveCfg = Debug|Win32
		{82AB510A-B62D-4AFE-B4EC-F5482947E1CA}.Debug|x86.Build.0 = Debug|Win32
		{82AB510A-B62D-4AFE-B4EC-F5482947E1CA}.Release|Any CPU.ActiveCfg = Release|x64
		{82AB510A-B62D-4AFE-B4EC-F5482947E1CA}.Release|Any CPU.Build.0 = Release|x64
		{82AB510A-B62D-4AFE-B4EC-F5482947E1CA}.Release|x64.ActiveCfg = Release|x64
		{82AB510A-B62D-4AFE-B4EC-F5482947E1CA}.Release|x64.Build.0 = Release|x64
		{82AB510A-B62D-4AFE-B4EC-F5482947E1CA}.Release|x86.ActiveCfg = Release|Win32
		{82AB510A-B62D-4AFE-B4EC-F5482947E1CA}.Release|x86.Build.0 = Release|Win32
		{059DA55C-311B-4916-8F63-0317AA18CE94}.Debug|Any CPU.ActiveCfg = Debug|Any CPU
		{059DA55C-311B-4916-8F63-0317AA18CE94}.Debug|Any CPU.Build.0 = Debug|Any CPU
		{059DA55C-311B-4916-8F63-0317AA18CE94}.Debug|x64.ActiveCfg = Debug|Any CPU
		{059DA55C-311B-4916-8F63-0317AA18CE94}.Debug|x64.Build.0 = Debug|Any CPU
		{059DA55C-311B-4916-8F63-0317AA18CE94}.Debug|x86.ActiveCfg = Debug|Any CPU
		{059DA55C-311B-4916-8F63-0317AA18CE94}.Debug|x86.Build.0 = Debug|Any CPU
		{059DA55C-311B-4916-8F63-0317AA18CE94}.Release|Any CPU.ActiveCfg = Release|Any CPU
		{059DA55C-311B-4916-8F63-0317AA18CE94}.Release|Any CPU.Build.0 = Release|Any CPU
		{059DA55C-311B-4916-8F63-0317AA18CE94}.Release|x64.ActiveCfg = Release|Any CPU
		{059DA55C-311B-4916-8F63-0317AA18CE94}.Release|x64.Build.0 = Release|Any CPU
		{059DA55C-311B-4916-8F63-0317AA18CE94}.Release|x86.ActiveCfg = Release|Any CPU
		{059DA55C-311B-4916-8F63-0317AA18CE94}.Release|x86.Build.0 = Release|Any CPU
		{53AE9B87-EDDD-4749-8E95-0065471288EC}.Debug|Any CPU.ActiveCfg = Debug|Any CPU
		{53AE9B87-EDDD-4749-8E95-0065471288EC}.Debug|Any CPU.Build.0 = Debug|Any CPU
		{53AE9B87-EDDD-4749-8E95-0065471288EC}.Debug|x64.ActiveCfg = Debug|Any CPU
		{53AE9B87-EDDD-4749-8E95-0065471288EC}.Debug|x64.Build.0 = Debug|Any CPU
		{53AE9B87-EDDD-4749-8E95-0065471288EC}.Debug|x86.ActiveCfg = Debug|Any CPU
		{53AE9B87-EDDD-4749-8E95-0065471288EC}.Debug|x86.Build.0 = Debug|Any CPU
		{53AE9B87-EDDD-4749-8E95-0065471288EC}.Release|Any CPU.ActiveCfg = Release|Any CPU
		{53AE9B87-EDDD-4749-8E95-0065471288EC}.Release|Any CPU.Build.0 = Release|Any CPU
		{53AE9B87-EDDD-4749-8E95-0065471288EC}.Release|x64.ActiveCfg = Release|Any CPU
		{53AE9B87-EDDD-4749-8E95-0065471288EC}.Release|x64.Build.0 = Release|Any CPU
		{53AE9B87-EDDD-4749-8E95-0065471288EC}.Release|x86.ActiveCfg = Release|Any CPU
		{53AE9B87-EDDD-4749-8E95-0065471288EC}.Release|x86.Build.0 = Release|Any CPU
		{B89B3121-84EC-4728-B9DD-9A23E5BAFF93}.Debug|Any CPU.ActiveCfg = Debug|Any CPU
		{B89B3121-84EC-4728-B9DD-9A23E5BAFF93}.Debug|Any CPU.Build.0 = Debug|Any CPU
		{B89B3121-84EC-4728-B9DD-9A23E5BAFF93}.Debug|x64.ActiveCfg = Debug|Any CPU
		{B89B3121-84EC-4728-B9DD-9A23E5BAFF93}.Debug|x64.Build.0 = Debug|Any CPU
		{B89B3121-84EC-4728-B9DD-9A23E5BAFF93}.Debug|x86.ActiveCfg = Debug|Any CPU
		{B89B3121-84EC-4728-B9DD-9A23E5BAFF93}.Debug|x86.Build.0 = Debug|Any CPU
		{B89B3121-84EC-4728-B9DD-9A23E5BAFF93}.Release|Any CPU.ActiveCfg = Release|Any CPU
		{B89B3121-84EC-4728-B9DD-9A23E5BAFF93}.Release|Any CPU.Build.0 = Release|Any CPU
		{B89B3121-84EC-4728-B9DD-9A23E5BAFF93}.Release|x64.ActiveCfg = Release|Any CPU
		{B89B3121-84EC-4728-B9DD-9A23E5BAFF93}.Release|x64.Build.0 = Release|Any CPU
		{B89B3121-84EC-4728-B9DD-9A23E5BAFF93}.Release|x86.ActiveCfg = Release|Any CPU
		{B89B3121-84EC-4728-B9DD-9A23E5BAFF93}.Release|x86.Build.0 = Release|Any CPU
		{E0BAF78F-506C-4CA3-BA94-46515D82A04C}.Debug|Any CPU.ActiveCfg = Debug|x64
		{E0BAF78F-506C-4CA3-BA94-46515D82A04C}.Debug|Any CPU.Build.0 = Debug|x64
		{E0BAF78F-506C-4CA3-BA94-46515D82A04C}.Debug|x64.ActiveCfg = Debug|x64
		{E0BAF78F-506C-4CA3-BA94-46515D82A04C}.Debug|x64.Build.0 = Debug|x64
		{E0BAF78F-506C-4CA3-BA94-46515D82A04C}.Debug|x86.ActiveCfg = Debug|Win32
		{E0BAF78F-506C-4CA3-BA94-46515D82A04C}.Debug|x86.Build.0 = Debug|Win32
		{E0BAF78F-506C-4CA3-BA94-46515D82A04C}.Release|Any CPU.ActiveCfg = Release|x64
		{E0BAF78F-506C-4CA3-BA94-46515D82A04C}.Release|Any CPU.Build.0 = Release|x64
		{E0BAF78F-506C-4CA3-BA94-46515D82A04C}.Release|x64.ActiveCfg = Release|x64
		{E0BAF78F-506C-4CA3-BA94-46515D82A04C}.Release|x64.Build.0 = Release|x64
		{E0BAF78F-506C-4CA3-BA94-46515D82A04C}.Release|x86.ActiveCfg = Release|Win32
		{E0BAF78F-506C-4CA3-BA94-46515D82A04C}.Release|x86.Build.0 = Release|Win32
		{1842434C-864B-43B7-82FF-BE5B039FEE0E}.Debug|Any CPU.ActiveCfg = Debug|x64
		{1842434C-864B-43B7-82FF-BE5B039FEE0E}.Debug|Any CPU.Build.0 = Debug|x64
		{1842434C-864B-43B7-82FF-BE5B039FEE0E}.Debug|x64.ActiveCfg = Debug|x64
		{1842434C-864B-43B7-82FF-BE5B039FEE0E}.Debug|x64.Build.0 = Debug|x64
		{1842434C-864B-43B7-82FF-BE5B039FEE0E}.Debug|x86.ActiveCfg = Debug|Win32
		{1842434C-864B-43B7-82FF-BE5B039FEE0E}.Debug|x86.Build.0 = Debug|Win32
		{1842434C-864B-43B7-82FF-BE5B039FEE0E}.Release|Any CPU.ActiveCfg = Release|x64
		{1842434C-864B-43B7-82FF-BE5B039FEE0E}.Release|Any CPU.Build.0 = Release|x64
		{1842434C-864B-43B7-82FF-BE5B039FEE0E}.Release|x64.ActiveCfg = Release|x64
		{1842434C-864B-43B7-82FF-BE5B039FEE0E}.Release|x64.Build.0 = Release|x64
		{1842434C-864B-43B7-82FF-BE5B039FEE0E}.Release|x86.ActiveCfg = Release|Win32
		{1842434C-864B-43B7-82FF-BE5B039FEE0E}.Release|x86.Build.0 = Release|Win32
		{1BE34B23-0EFC-4B6A-B518-86E24134B0DF}.Debug|Any CPU.ActiveCfg = Debug|x64
		{1BE34B23-0EFC-4B6A-B518-86E24134B0DF}.Debug|Any CPU.Build.0 = Debug|x64
		{1BE34B23-0EFC-4B6A-B518-86E24134B0DF}.Debug|x64.ActiveCfg = Debug|x64
		{1BE34B23-0EFC-4B6A-B518-86E24134B0DF}.Debug|x64.Build.0 = Debug|x64
		{1BE34B23-0EFC-4B6A-B518-86E24134B0DF}.Debug|x86.ActiveCfg = Debug|Win32
		{1BE34B23-0EFC-4B6A-B518-86E24134B0DF}.Debug|x86.Build.0 = Debug|Win32
		{1BE34B23-0EFC-4B6A-B518-86E24134B0DF}.Release|Any CPU.ActiveCfg = Release|x64
		{1BE34B23-0EFC-4B6A-B518-86E24134B0DF}.Release|Any CPU.Build.0 = Release|x64
		{1BE34B23-0EFC-4B6A-B518-86E24134B0DF}.Release|x64.ActiveCfg = Release|x64
		{1BE34B23-0EFC-4B6A-B518-86E24134B0DF}.Release|x64.Build.0 = Release|x64
		{1BE34B23-0EFC-4B6A-B518-86E24134B0DF}.Release|x86.ActiveCfg = Release|Win32
		{1BE34B23-0EFC-4B6A-B518-86E24134B0DF}.Release|x86.Build.0 = Release|Win32
		{00BC488A-0BA5-4561-B13A-B50477F7E9BD}.Debug|Any CPU.ActiveCfg = Debug|x64
		{00BC488A-0BA5-4561-B13A-B50477F7E9BD}.Debug|Any CPU.Build.0 = Debug|x64
		{00BC488A-0BA5-4561-B13A-B50477F7E9BD}.Debug|x64.ActiveCfg = Debug|x64
		{00BC488A-0BA5-4561-B13A-B50477F7E9BD}.Debug|x64.Build.0 = Debug|x64
		{00BC488A-0BA5-4561-B13A-B50477F7E9BD}.Debug|x86.ActiveCfg = Debug|Win32
		{00BC488A-0BA5-4561-B13A-B50477F7E9BD}.Debug|x86.Build.0 = Debug|Win32
		{00BC488A-0BA5-4561-B13A-B50477F7E9BD}.Release|Any CPU.ActiveCfg = Release|x64
		{00BC488A-0BA5-4561-B13A-B50477F7E9BD}.Release|Any CPU.Build.0 = Release|x64
		{00BC488A-0BA5-4561-B13A-B50477F7E9BD}.Release|x64.ActiveCfg = Release|x64
		{00BC488A-0BA5-4561-B13A-B50477F7E9BD}.Release|x64.Build.0 = Release|x64
		{00BC488A-0BA5-4561-B13A-B50477F7E9BD}.Release|x86.ActiveCfg = Release|Win32
		{00BC488A-0BA5-4561-B13A-B50477F7E9BD}.Release|x86.Build.0 = Release|Win32
		{1690A454-E331-46B5-9ABD-ADC3CCD86DBF}.Debug|Any CPU.ActiveCfg = Debug|x64
		{1690A454-E331-46B5-9ABD-ADC3CCD86DBF}.Debug|Any CPU.Build.0 = Debug|x64
		{1690A454-E331-46B5-9ABD-ADC3CCD86DBF}.Debug|x64.ActiveCfg = Debug|x64
		{1690A454-E331-46B5-9ABD-ADC3CCD86DBF}.Debug|x64.Build.0 = Debug|x64
		{1690A454-E331-46B5-9ABD-ADC3CCD86DBF}.Debug|x86.ActiveCfg = Debug|Win32
		{1690A454-E331-46B5-9ABD-ADC3CCD86DBF}.Debug|x86.Build.0 = Debug|Win32
		{1690A454-E331-46B5-9ABD-ADC3CCD86DBF}.Release|Any CPU.ActiveCfg = Release|x64
		{1690A454-E331-46B5-9ABD-ADC3CCD86DBF}.Release|Any CPU.Build.0 = Release|x64
		{1690A454-E331-46B5-9ABD-ADC3CCD86DBF}.Release|x64.ActiveCfg = Release|x64
		{1690A454-E331-46B5-9ABD-ADC3CCD86DBF}.Release|x64.Build.0 = Release|x64
		{1690A454-E331-46B5-9ABD-ADC3CCD86DBF}.Release|x86.ActiveCfg = Release|Win32
		{1690A454-E331-46B5-9ABD-ADC3CCD86DBF}.Release|x86.Build.0 = Release|Win32
		{C7C9E1D8-21B6-459C-8B39-4AEE8182C0C5}.Debug|Any CPU.ActiveCfg = Debug|x64
		{C7C9E1D8-21B6-459C-8B39-4AEE8182C0C5}.Debug|Any CPU.Build.0 = Debug|x64
		{C7C9E1D8-21B6-459C-8B39-4AEE8182C0C5}.Debug|x64.ActiveCfg = Debug|x64
		{C7C9E1D8-21B6-459C-8B39-4AEE8182C0C5}.Debug|x64.Build.0 = Debug|x64
		{C7C9E1D8-21B6-459C-8B39-4AEE8182C0C5}.Debug|x86.ActiveCfg = Debug|Win32
		{C7C9E1D8-21B6-459C-8B39-4AEE8182C0C5}.Debug|x86.Build.0 = Debug|Win32
		{C7C9E1D8-21B6-459C-8B39-4AEE8182C0C5}.Release|Any CPU.ActiveCfg = Release|x64
		{C7C9E1D8-21B6-459C-8B39-4AEE8182C0C5}.Release|Any CPU.Build.0 = Release|x64
		{C7C9E1D8-21B6-459C-8B39-4AEE8182C0C5}.Release|x64.ActiveCfg = Release|x64
		{C7C9E1D8-21B6-459C-8B39-4AEE8182C0C5}.Release|x64.Build.0 = Release|x64
		{C7C9E1D8-21B6-459C-8B39-4AEE8182C0C5}.Release|x86.ActiveCfg = Release|Win32
		{C7C9E1D8-21B6-459C-8B39-4AEE8182C0C5}.Release|x86.Build.0 = Release|Win32
		{E85E7EAD-78A2-46E9-81A4-4C4FE8775018}.Debug|Any CPU.ActiveCfg = Debug|x64
		{E85E7EAD-78A2-46E9-81A4-4C4FE8775018}.Debug|Any CPU.Build.0 = Debug|x64
		{E85E7EAD-78A2-46E9-81A4-4C4FE8775018}.Debug|x64.ActiveCfg = Debug|x64
		{E85E7EAD-78A2-46E9-81A4-4C4FE8775018}.Debug|x64.Build.0 = Debug|x64
		{E85E7EAD-78A2-46E9-81A4-4C4FE8775018}.Debug|x86.ActiveCfg = Debug|Win32
		{E85E7EAD-78A2-46E9-81A4-4C4FE8775018}.Debug|x86.Build.0 = Debug|Win32
		{E85E7EAD-78A2-46E9-81A4-4C4FE8775018}.Release|Any CPU.ActiveCfg = Release|x64
		{E85E7EAD-78A2-46E9-81A4-4C4FE8775018}.Release|Any CPU.Build.0 = Release|x64
		{E85E7EAD-78A2-46E9-81A4-4C4FE8775018}.Release|x64.ActiveCfg = Release|x64
		{E85E7EAD-78A2-46E9-81A4-4C4FE8775018}.Release|x64.Build.0 = Release|x64
		{E85E7EAD-78A2-46E9-81A4-4C4FE8775018}.Release|x86.ActiveCfg = Release|Win32
		{E85E7EAD-78A2-46E9-81A4-4C4FE8775018}.Release|x86.Build.0 = Release|Win32
		{D76065D1-E7ED-4E40-A9E7-89A04652E56B}.Debug|Any CPU.ActiveCfg = Debug|x64
		{D76065D1-E7ED-4E40-A9E7-89A04652E56B}.Debug|Any CPU.Build.0 = Debug|x64
		{D76065D1-E7ED-4E40-A9E7-89A04652E56B}.Debug|x64.ActiveCfg = Debug|x64
		{D76065D1-E7ED-4E40-A9E7-89A04652E56B}.Debug|x64.Build.0 = Debug|x64
		{D76065D1-E7ED-4E40-A9E7-89A04652E56B}.Debug|x86.ActiveCfg = Debug|Win32
		{D76065D1-E7ED-4E40-A9E7-89A04652E56B}.Debug|x86.Build.0 = Debug|Win32
		{D76065D1-E7ED-4E40-A9E7-89A04652E56B}.Release|Any CPU.ActiveCfg = Release|x64
		{D76065D1-E7ED-4E40-A9E7-89A04652E56B}.Release|Any CPU.Build.0 = Release|x64
		{D76065D1-E7ED-4E40-A9E7-89A04652E56B}.Release|x64.ActiveCfg = Release|x64
		{D76065D1-E7ED-4E40-A9E7-89A04652E56B}.Release|x64.Build.0 = Release|x64
		{D76065D1-E7ED-4E40-A9E7-89A04652E56B}.Release|x86.ActiveCfg = Release|Win32
		{D76065D1-E7ED-4E40-A9E7-89A04652E56B}.Release|x86.Build.0 = Release|Win32
		{12F39D97-9413-4976-8344-7F7F97F693CF}.Debug|Any CPU.ActiveCfg = Debug|x64
		{12F39D97-9413-4976-8344-7F7F97F693CF}.Debug|Any CPU.Build.0 = Debug|x64
		{12F39D97-9413-4976-8344-7F7F97F693CF}.Debug|x64.ActiveCfg = Debug|x64
		{12F39D97-9413-4976-8344-7F7F97F693CF}.Debug|x64.Build.0 = Debug|x64
		{12F39D97-9413-4976-8344-7F7F97F693CF}.Debug|x86.ActiveCfg = Debug|Win32
		{12F39D97-9413-4976-8344-7F7F97F693CF}.Debug|x86.Build.0 = Debug|Win32
		{12F39D97-9413-4976-8344-7F7F97F693CF}.Release|Any CPU.ActiveCfg = Release|x64
		{12F39D97-9413-4976-8344-7F7F97F693CF}.Release|Any CPU.Build.0 = Release|x64
		{12F39D97-9413-4976-8344-7F7F97F693CF}.Release|x64.ActiveCfg = Release|x64
		{12F39D97-9413-4976-8344-7F7F97F693CF}.Release|x64.Build.0 = Release|x64
		{12F39D97-9413-4976-8344-7F7F97F693CF}.Release|x86.ActiveCfg = Release|Win32
		{12F39D97-9413-4976-8344-7F7F97F693CF}.Release|x86.Build.0 = Release|Win32
		{ACB0E576-8E34-435F-AACF-34239DA2CF21}.Debug|Any CPU.ActiveCfg = Debug|x64
		{ACB0E576-8E34-435F-AACF-34239DA2CF21}.Debug|Any CPU.Build.0 = Debug|x64
		{ACB0E576-8E34-435F-AACF-34239DA2CF21}.Debug|x64.ActiveCfg = Debug|x64
		{ACB0E576-8E34-435F-AACF-34239DA2CF21}.Debug|x64.Build.0 = Debug|x64
		{ACB0E576-8E34-435F-AACF-34239DA2CF21}.Debug|x86.ActiveCfg = Debug|Win32
		{ACB0E576-8E34-435F-AACF-34239DA2CF21}.Debug|x86.Build.0 = Debug|Win32
		{ACB0E576-8E34-435F-AACF-34239DA2CF21}.Release|Any CPU.ActiveCfg = Release|x64
		{ACB0E576-8E34-435F-AACF-34239DA2CF21}.Release|Any CPU.Build.0 = Release|x64
		{ACB0E576-8E34-435F-AACF-34239DA2CF21}.Release|x64.ActiveCfg = Release|x64
		{ACB0E576-8E34-435F-AACF-34239DA2CF21}.Release|x64.Build.0 = Release|x64
		{ACB0E576-8E34-435F-AACF-34239DA2CF21}.Release|x86.ActiveCfg = Release|Win32
		{ACB0E576-8E34-435F-AACF-34239DA2CF21}.Release|x86.Build.0 = Release|Win32
		{440355E3-6C17-451A-A6B7-79C81C9F979F}.Debug|Any CPU.ActiveCfg = Debug|x64
		{440355E3-6C17-451A-A6B7-79C81C9F979F}.Debug|Any CPU.Build.0 = Debug|x64
		{440355E3-6C17-451A-A6B7-79C81C9F979F}.Debug|x64.ActiveCfg = Debug|x64
		{440355E3-6C17-451A-A6B7-79C81C9F979F}.Debug|x64.Build.0 = Debug|x64
		{440355E3-6C17-451A-A6B7-79C81C9F979F}.Debug|x86.ActiveCfg = Debug|Win32
		{440355E3-6C17-451A-A6B7-79C81C9F979F}.Debug|x86.Build.0 = Debug|Win32
		{440355E3-6C17-451A-A6B7-79C81C9F979F}.Release|Any CPU.ActiveCfg = Release|x64
		{440355E3-6C17-451A-A6B7-79C81C9F979F}.Release|Any CPU.Build.0 = Release|x64
		{440355E3-6C17-451A-A6B7-79C81C9F979F}.Release|x64.ActiveCfg = Release|x64
		{440355E3-6C17-451A-A6B7-79C81C9F979F}.Release|x64.Build.0 = Release|x64
		{440355E3-6C17-451A-A6B7-79C81C9F979F}.Release|x86.ActiveCfg = Release|Win32
		{440355E3-6C17-451A-A6B7-79C81C9F979F}.Release|x86.Build.0 = Release|Win32
		{3E598B21-9296-4D7A-ABF1-90B76D47D447}.Debug|Any CPU.ActiveCfg = Debug|x64
		{3E598B21-9296-4D7A-ABF1-90B76D47D447}.Debug|Any CPU.Build.0 = Debug|x64
		{3E598B21-9296-4D7A-ABF1-90B76D47D447}.Debug|x64.ActiveCfg = Debug|x64
		{3E598B21-9296-4D7A-ABF1-90B76D47D447}.Debug|x64.Build.0 = Debug|x64
		{3E598B21-9296-4D7A-ABF1-90B76D47D447}.Debug|x86.ActiveCfg = Debug|Win32
		{3E598B21-9296-4D7A-ABF1-90B76D47D447}.Debug|x86.Build.0 = Debug|Win32
		{3E598B21-9296-4D7A-ABF1-90B76D47D447}.Release|Any CPU.ActiveCfg = Release|x64
		{3E598B21-9296-4D7A-ABF1-90B76D47D447}.Release|Any CPU.Build.0 = Release|x64
		{3E598B21-9296-4D7A-ABF1-90B76D47D447}.Release|x64.ActiveCfg = Release|x64
		{3E598B21-9296-4D7A-ABF1-90B76D47D447}.Release|x64.Build.0 = Release|x64
		{3E598B21-9296-4D7A-ABF1-90B76D47D447}.Release|x86.ActiveCfg = Release|Win32
		{3E598B21-9296-4D7A-ABF1-90B76D47D447}.Release|x86.Build.0 = Release|Win32
		{6A3F9211-63D1-4D2C-A1AE-5A0412EB1A57}.Debug|Any CPU.ActiveCfg = Debug|x64
		{6A3F9211-63D1-4D2C-A1AE-5A0412EB1A57}.Debug|Any CPU.Build.0 = Debug|x64
		{6A3F9211-63D1-4D2C-A1AE-5A0412EB1A57}.Debug|x64.ActiveCfg = Debug|x64
		{6A3F9211-63D1-4D2C-A1AE-5A0412EB1A57}.Debug|x64.Build.0 = Debug|x64
		{6A3F9211-63D1-4D2C-A1AE-5A0412EB1A57}.Debug|x86.ActiveCfg = Debug|Win32
		{6A3F9211-63D1-4D2C-A1AE-5A0412EB1A57}.Debug|x86.Build.0 = Debug|Win32
		{6A3F9211-63D1-4D2C-A1AE-5A0412EB1A57}.Release|Any CPU.ActiveCfg = Release|x64
		{6A3F9211-63D1-4D2C-A1AE-5A0412EB1A57}.Release|Any CPU.Build.0 = Release|x64
		{6A3F9211-63D1-4D2C-A1AE-5A0412EB1A57}.Release|x64.ActiveCfg = Release|x64
		{6A3F9211-63D1-4D2C-A1AE-5A0412EB1A57}.Release|x64.Build.0 = Release|x64
		{6A3F9211-63D1-4D2C-A1AE-5A0412EB1A57}.Release|x86.ActiveCfg = Release|Win32
		{6A3F9211-63D1-4D2C-A1AE-5A0412EB1A57}.Release|x86.Build.0 = Release|Win32
		{A1BF9659-EF48-40F4-A38C-B02E8FD0A395}.Debug|Any CPU.ActiveCfg = Debug|x64
		{A1BF9659-EF48-40F4-A38C-B02E8FD0A395}.Debug|Any CPU.Build.0 = Debug|x64
		{A1BF9659-EF48-40F4-A38C-B02E8FD0A395}.Debug|x64.ActiveCfg = Debug|x64
		{A1BF9659-EF48-40F4-A38C-B02E8FD0A395}.Debug|x64.Build.0 = Debug|x64
		{A1BF9659-EF48-40F4-A38C-B02E8FD0A395}.Debug|x86.ActiveCfg = Debug|Win32
		{A1BF9659-EF48-40F4-A38C-B02E8FD0A395}.Debug|x86.Build.0 = Debug|Win32
		{A1BF9659-EF48-40F4-A38C-B02E8FD0A395}.Release|Any CPU.ActiveCfg = Release|x64
		{A1BF9659-EF48-40F4-A38C-B02E8FD0A395}.Release|Any CPU.Build.0 = Release|x64
		{A1BF9659-EF48-40F4-A38C-B02E8FD0A395}.Release|x64.ActiveCfg = Release|x64
		{A1BF9659-EF48-40F4-A38C-B02E8FD0A395}.Release|x64.Build.0 = Release|x64
		{A1BF9659-EF48-40F4-A38C-B02E8FD0A395}.Release|x86.ActiveCfg = Release|Win32
		{A1BF9659-EF48-40F4-A38C-B02E8FD0A395}.Release|x86.Build.0 = Release|Win32
		{CA35BA13-5CFF-42C8-AA58-1DC2C169CA3A}.Debug|Any CPU.ActiveCfg = Debug|x64
		{CA35BA13-5CFF-42C8-AA58-1DC2C169CA3A}.Debug|Any CPU.Build.0 = Debug|x64
		{CA35BA13-5CFF-42C8-AA58-1DC2C169CA3A}.Debug|x64.ActiveCfg = Debug|x64
		{CA35BA13-5CFF-42C8-AA58-1DC2C169CA3A}.Debug|x64.Build.0 = Debug|x64
		{CA35BA13-5CFF-42C8-AA58-1DC2C169CA3A}.Debug|x86.ActiveCfg = Debug|Win32
		{CA35BA13-5CFF-42C8-AA58-1DC2C169CA3A}.Debug|x86.Build.0 = Debug|Win32
		{CA35BA13-5CFF-42C8-AA58-1DC2C169CA3A}.Release|Any CPU.ActiveCfg = Release|x64
		{CA35BA13-5CFF-42C8-AA58-1DC2C169CA3A}.Release|Any CPU.Build.0 = Release|x64
		{CA35BA13-5CFF-42C8-AA58-1DC2C169CA3A}.Release|x64.ActiveCfg = Release|x64
		{CA35BA13-5CFF-42C8-AA58-1DC2C169CA3A}.Release|x64.Build.0 = Release|x64
		{CA35BA13-5CFF-42C8-AA58-1DC2C169CA3A}.Release|x86.ActiveCfg = Release|Win32
		{CA35BA13-5CFF-42C8-AA58-1DC2C169CA3A}.Release|x86.Build.0 = Release|Win32
		{B1E1B2BF-83CF-4155-AAD6-EFCC23A9FC35}.Debug|Any CPU.ActiveCfg = Debug|x64
		{B1E1B2BF-83CF-4155-AAD6-EFCC23A9FC35}.Debug|Any CPU.Build.0 = Debug|x64
		{B1E1B2BF-83CF-4155-AAD6-EFCC23A9FC35}.Debug|x64.ActiveCfg = Debug|x64
		{B1E1B2BF-83CF-4155-AAD6-EFCC23A9FC35}.Debug|x64.Build.0 = Debug|x64
		{B1E1B2BF-83CF-4155-AAD6-EFCC23A9FC35}.Debug|x86.ActiveCfg = Debug|Win32
		{B1E1B2BF-83CF-4155-AAD6-EFCC23A9FC35}.Debug|x86.Build.0 = Debug|Win32
		{B1E1B2BF-83CF-4155-AAD6-EFCC23A9FC35}.Release|Any CPU.ActiveCfg = Release|x64
		{B1E1B2BF-83CF-4155-AAD6-EFCC23A9FC35}.Release|Any CPU.Build.0 = Release|x64
		{B1E1B2BF-83CF-4155-AAD6-EFCC23A9FC35}.Release|x64.ActiveCfg = Release|x64
		{B1E1B2BF-83CF-4155-AAD6-EFCC23A9FC35}.Release|x64.Build.0 = Release|x64
		{B1E1B2BF-83CF-4155-AAD6-EFCC23A9FC35}.Release|x86.ActiveCfg = Release|Win32
		{B1E1B2BF-83CF-4155-AAD6-EFCC23A9FC35}.Release|x86.Build.0 = Release|Win32
		{3469BA13-BFCF-477B-A6CD-D9926CEBF6FB}.Debug|Any CPU.ActiveCfg = Debug|Any CPU
		{3469BA13-BFCF-477B-A6CD-D9926CEBF6FB}.Debug|Any CPU.Build.0 = Debug|Any CPU
		{3469BA13-BFCF-477B-A6CD-D9926CEBF6FB}.Debug|x64.ActiveCfg = Debug|Any CPU
		{3469BA13-BFCF-477B-A6CD-D9926CEBF6FB}.Debug|x64.Build.0 = Debug|Any CPU
		{3469BA13-BFCF-477B-A6CD-D9926CEBF6FB}.Debug|x86.ActiveCfg = Debug|Any CPU
		{3469BA13-BFCF-477B-A6CD-D9926CEBF6FB}.Debug|x86.Build.0 = Debug|Any CPU
		{3469BA13-BFCF-477B-A6CD-D9926CEBF6FB}.Release|Any CPU.ActiveCfg = Release|Any CPU
		{3469BA13-BFCF-477B-A6CD-D9926CEBF6FB}.Release|Any CPU.Build.0 = Release|Any CPU
		{3469BA13-BFCF-477B-A6CD-D9926CEBF6FB}.Release|x64.ActiveCfg = Release|Any CPU
		{3469BA13-BFCF-477B-A6CD-D9926CEBF6FB}.Release|x64.Build.0 = Release|Any CPU
		{3469BA13-BFCF-477B-A6CD-D9926CEBF6FB}.Release|x86.ActiveCfg = Release|Any CPU
		{3469BA13-BFCF-477B-A6CD-D9926CEBF6FB}.Release|x86.Build.0 = Release|Any CPU
		{ABAE82E0-B064-401D-9FCB-D3EAA4A48FDB}.Debug|Any CPU.ActiveCfg = Debug|Any CPU
		{ABAE82E0-B064-401D-9FCB-D3EAA4A48FDB}.Debug|Any CPU.Build.0 = Debug|Any CPU
		{ABAE82E0-B064-401D-9FCB-D3EAA4A48FDB}.Debug|x64.ActiveCfg = Debug|Any CPU
		{ABAE82E0-B064-401D-9FCB-D3EAA4A48FDB}.Debug|x64.Build.0 = Debug|Any CPU
		{ABAE82E0-B064-401D-9FCB-D3EAA4A48FDB}.Debug|x86.ActiveCfg = Debug|Any CPU
		{ABAE82E0-B064-401D-9FCB-D3EAA4A48FDB}.Debug|x86.Build.0 = Debug|Any CPU
		{ABAE82E0-B064-401D-9FCB-D3EAA4A48FDB}.Release|Any CPU.ActiveCfg = Release|Any CPU
		{ABAE82E0-B064-401D-9FCB-D3EAA4A48FDB}.Release|Any CPU.Build.0 = Release|Any CPU
		{ABAE82E0-B064-401D-9FCB-D3EAA4A48FDB}.Release|x64.ActiveCfg = Release|Any CPU
		{ABAE82E0-B064-401D-9FCB-D3EAA4A48FDB}.Release|x64.Build.0 = Release|Any CPU
		{ABAE82E0-B064-401D-9FCB-D3EAA4A48FDB}.Release|x86.ActiveCfg = Release|Any CPU
		{ABAE82E0-B064-401D-9FCB-D3EAA4A48FDB}.Release|x86.Build.0 = Release|Any CPU
		{B2D07F97-B0D9-434E-B4EE-050E1289A165}.Debug|Any CPU.ActiveCfg = Debug|Any CPU
		{B2D07F97-B0D9-434E-B4EE-050E1289A165}.Debug|Any CPU.Build.0 = Debug|Any CPU
		{B2D07F97-B0D9-434E-B4EE-050E1289A165}.Debug|x64.ActiveCfg = Debug|Any CPU
		{B2D07F97-B0D9-434E-B4EE-050E1289A165}.Debug|x64.Build.0 = Debug|Any CPU
		{B2D07F97-B0D9-434E-B4EE-050E1289A165}.Debug|x86.ActiveCfg = Debug|Any CPU
		{B2D07F97-B0D9-434E-B4EE-050E1289A165}.Debug|x86.Build.0 = Debug|Any CPU
		{B2D07F97-B0D9-434E-B4EE-050E1289A165}.Release|Any CPU.ActiveCfg = Release|Any CPU
		{B2D07F97-B0D9-434E-B4EE-050E1289A165}.Release|Any CPU.Build.0 = Release|Any CPU
		{B2D07F97-B0D9-434E-B4EE-050E1289A165}.Release|x64.ActiveCfg = Release|Any CPU
		{B2D07F97-B0D9-434E-B4EE-050E1289A165}.Release|x64.Build.0 = Release|Any CPU
		{B2D07F97-B0D9-434E-B4EE-050E1289A165}.Release|x86.ActiveCfg = Release|Any CPU
		{B2D07F97-B0D9-434E-B4EE-050E1289A165}.Release|x86.Build.0 = Release|Any CPU
		{04210546-61EE-47B5-AC45-A1C5CD64C13A}.Debug|Any CPU.ActiveCfg = Debug|Any CPU
		{04210546-61EE-47B5-AC45-A1C5CD64C13A}.Debug|Any CPU.Build.0 = Debug|Any CPU
		{04210546-61EE-47B5-AC45-A1C5CD64C13A}.Debug|x64.ActiveCfg = Debug|Any CPU
		{04210546-61EE-47B5-AC45-A1C5CD64C13A}.Debug|x64.Build.0 = Debug|Any CPU
		{04210546-61EE-47B5-AC45-A1C5CD64C13A}.Debug|x86.ActiveCfg = Debug|Any CPU
		{04210546-61EE-47B5-AC45-A1C5CD64C13A}.Debug|x86.Build.0 = Debug|Any CPU
		{04210546-61EE-47B5-AC45-A1C5CD64C13A}.Release|Any CPU.ActiveCfg = Release|Any CPU
		{04210546-61EE-47B5-AC45-A1C5CD64C13A}.Release|Any CPU.Build.0 = Release|Any CPU
		{04210546-61EE-47B5-AC45-A1C5CD64C13A}.Release|x64.ActiveCfg = Release|Any CPU
		{04210546-61EE-47B5-AC45-A1C5CD64C13A}.Release|x64.Build.0 = Release|Any CPU
		{04210546-61EE-47B5-AC45-A1C5CD64C13A}.Release|x86.ActiveCfg = Release|Any CPU
		{04210546-61EE-47B5-AC45-A1C5CD64C13A}.Release|x86.Build.0 = Release|Any CPU
	EndGlobalSection
	GlobalSection(SolutionProperties) = preSolution
		HideSolutionNode = FALSE
	EndGlobalSection
	GlobalSection(NestedProjects) = preSolution
		{55B4976D-E2D4-41E5-B673-651297894440} = {19933592-6576-4434-A55D-82F67FBBBC9B}
		{90BDA9AC-54AA-4F6D-82D2-5827FFB80005} = {19933592-6576-4434-A55D-82F67FBBBC9B}
		{5E02D32B-22B8-4744-8521-9B58318B782B} = {19933592-6576-4434-A55D-82F67FBBBC9B}
		{A413000D-B775-4B0A-8A3A-EFE57727BF72} = {19933592-6576-4434-A55D-82F67FBBBC9B}
		{2C58D50D-A1FD-4061-A465-9ABDD0D8E946} = {7B1D0B3F-CBBC-4BE7-9FB7-E61F5177D29D}
		{7A3D2752-4BE4-4CF2-9B60-D3C94F0E4655} = {7B1D0B3F-CBBC-4BE7-9FB7-E61F5177D29D}
		{1EADF13E-E287-4C0A-A559-6FC822B39D43} = {7B1D0B3F-CBBC-4BE7-9FB7-E61F5177D29D}
		{65FA54C4-A845-43F3-ADF8-EEAEC92D97C2} = {7B1D0B3F-CBBC-4BE7-9FB7-E61F5177D29D}
		{C82501BC-46D8-4347-91FF-5504EE13B6DE} = {7B1D0B3F-CBBC-4BE7-9FB7-E61F5177D29D}
		{2649722A-BFF8-49DA-B75A-759A37654BD2} = {7B1D0B3F-CBBC-4BE7-9FB7-E61F5177D29D}
		{60D6AC0B-0896-4799-9195-7762E15A5E3E} = {7B1D0B3F-CBBC-4BE7-9FB7-E61F5177D29D}
		{17071618-B84E-40DB-9E08-8EC49DD23C7E} = {7B1D0B3F-CBBC-4BE7-9FB7-E61F5177D29D}
		{6E2A861A-3A86-4A85-A3BF-5DBF0E9DBAEE} = {7B1D0B3F-CBBC-4BE7-9FB7-E61F5177D29D}
		{F0EC5856-C6F3-4B58-92AA-EC28ABCA154D} = {7B1D0B3F-CBBC-4BE7-9FB7-E61F5177D29D}
		{C80A383B-82BE-4C48-8FA0-2BBFFBA21971} = {7B1D0B3F-CBBC-4BE7-9FB7-E61F5177D29D}
		{82AB510A-B62D-4AFE-B4EC-F5482947E1CA} = {8C146771-BCC9-44D4-9B43-14E66460EE76}
		{53AE9B87-EDDD-4749-8E95-0065471288EC} = {8C146771-BCC9-44D4-9B43-14E66460EE76}
		{B89B3121-84EC-4728-B9DD-9A23E5BAFF93} = {8C146771-BCC9-44D4-9B43-14E66460EE76}
		{E0BAF78F-506C-4CA3-BA94-46515D82A04C} = {1EDF55A1-EC42-4E26-8A6C-C2CF2E5A195A}
		{1842434C-864B-43B7-82FF-BE5B039FEE0E} = {1EDF55A1-EC42-4E26-8A6C-C2CF2E5A195A}
		{1BE34B23-0EFC-4B6A-B518-86E24134B0DF} = {1EDF55A1-EC42-4E26-8A6C-C2CF2E5A195A}
		{00BC488A-0BA5-4561-B13A-B50477F7E9BD} = {1EDF55A1-EC42-4E26-8A6C-C2CF2E5A195A}
		{1690A454-E331-46B5-9ABD-ADC3CCD86DBF} = {1EDF55A1-EC42-4E26-8A6C-C2CF2E5A195A}
		{C7C9E1D8-21B6-459C-8B39-4AEE8182C0C5} = {1EDF55A1-EC42-4E26-8A6C-C2CF2E5A195A}
		{E85E7EAD-78A2-46E9-81A4-4C4FE8775018} = {1EDF55A1-EC42-4E26-8A6C-C2CF2E5A195A}
		{D76065D1-E7ED-4E40-A9E7-89A04652E56B} = {1EDF55A1-EC42-4E26-8A6C-C2CF2E5A195A}
		{12F39D97-9413-4976-8344-7F7F97F693CF} = {1EDF55A1-EC42-4E26-8A6C-C2CF2E5A195A}
		{ACB0E576-8E34-435F-AACF-34239DA2CF21} = {1EDF55A1-EC42-4E26-8A6C-C2CF2E5A195A}
		{440355E3-6C17-451A-A6B7-79C81C9F979F} = {1EDF55A1-EC42-4E26-8A6C-C2CF2E5A195A}
		{3E598B21-9296-4D7A-ABF1-90B76D47D447} = {06246AAB-CBCD-4B00-8F6D-486E7093BA82}
		{6A3F9211-63D1-4D2C-A1AE-5A0412EB1A57} = {06246AAB-CBCD-4B00-8F6D-486E7093BA82}
		{A1BF9659-EF48-40F4-A38C-B02E8FD0A395} = {06246AAB-CBCD-4B00-8F6D-486E7093BA82}
		{CA35BA13-5CFF-42C8-AA58-1DC2C169CA3A} = {06246AAB-CBCD-4B00-8F6D-486E7093BA82}
		{B1E1B2BF-83CF-4155-AAD6-EFCC23A9FC35} = {06246AAB-CBCD-4B00-8F6D-486E7093BA82}
		{3469BA13-BFCF-477B-A6CD-D9926CEBF6FB} = {20D4B7E4-226B-4920-9E15-822E0C6C77E9}
		{ABAE82E0-B064-401D-9FCB-D3EAA4A48FDB} = {20D4B7E4-226B-4920-9E15-822E0C6C77E9}
		{B2D07F97-B0D9-434E-B4EE-050E1289A165} = {20D4B7E4-226B-4920-9E15-822E0C6C77E9}
		{04210546-61EE-47B5-AC45-A1C5CD64C13A} = {20D4B7E4-226B-4920-9E15-822E0C6C77E9}
	EndGlobalSection
	GlobalSection(ExtensibilityGlobals) = postSolution
		SolutionGuid = {2E9404D6-3050-4716-9DF3-F068D794F160}
	EndGlobalSection
EndGlobal
