
Microsoft Visual Studio Solution File, Format Version 12.00
# Visual Studio Version 17
VisualStudioVersion = 17.11.35312.102
MinimumVisualStudioVersion = 10.0.40219.1
Project("{9A19103F-16F7-4668-BE54-9A1E7A4F7556}") = "lab1", "lab1\lab1.csproj", "{486DA3A4-0E94-4FCA-8B0F-52E04FE562B1}"
EndProject
Project("{9A19103F-16F7-4668-BE54-9A1E7A4F7556}") = "WinForms", "WinForms\WinForms.csproj", "{E44013C2-850B-4D7A-8BF6-5D1F5A5D1FA3}"
EndProject
Project("{9A19103F-16F7-4668-BE54-9A1E7A4F7556}") = "WebSocketServer", "WebSocketServer\WebSocketServer.csproj", "{CE35C8DD-1E17-4C40-BA4A-C7B50A48CCDD}"
EndProject
Project("{FAE04EC0-301F-11D3-BF4B-00C04F79EFBC}") = "ASPCMVC06", "ASPCMVC06\ASPCMVC06.csproj", "{13FE94CE-8652-45A6-9791-9EC137929BF2}"
EndProject
Project("{FAE04EC0-301F-11D3-BF4B-00C04F79EFBC}") = "ASPCMVC01", "ASPCMVC01\ASPCMVC01.csproj", "{CA2A4C72-801B-4813-961B-342A782226D5}"
EndProject
Project("{FAE04EC0-301F-11D3-BF4B-00C04F79EFBC}") = "ASPCMVC02", "ASPCMVC02\ASPCMVC02.csproj", "{47CEED65-FCD9-4E13-8A83-2DEBD81164F2}"
EndProject
Project("{FAE04EC0-301F-11D3-BF4B-00C04F79EFBC}") = "ASPCMVC03", "ASPCMVC03\ASPCMVC03.csproj", "{FB0FA27D-042D-4272-AD88-21DFF546A519}"
EndProject
Project("{FAE04EC0-301F-11D3-BF4B-00C04F79EFBC}") = "ASPCMVC04", "ASPCMVC04\ASPCMVC04.csproj", "{68FC760A-82FB-4E45-9F9F-FC87142E41C8}"
EndProject
Project("{FAE04EC0-301F-11D3-BF4B-00C04F79EFBC}") = "ASPCMVC05", "ASPCMVC05\ASPCMVC05.csproj", "{1DC4383E-CF83-4BC2-981D-4C8F70742BC0}"
EndProject
Project("{FAE04EC0-301F-11D3-BF4B-00C04F79EFBC}") = "ASPCMVC07", "ASPCMVC07\ASPCMVC07.csproj", "{48660D82-72A0-489D-A2F1-E7EFC789B360}"
EndProject
Project("{FAE04EC0-301F-11D3-BF4B-00C04F79EFBC}") = "lab3a", "lab3a\lab3a.csproj", "{E1692B65-5B6B-4A36-8B7B-63CC2F91964D}"
EndProject
Project("{FAE04EC0-301F-11D3-BF4B-00C04F79EFBC}") = "ASPCMVC08", "ASPCMVC08\ASPCMVC08.csproj", "{1832DD71-04BB-4ED9-AFE5-AD8F6FAE018F}"
EndProject
Project("{FAE04EC0-301F-11D3-BF4B-00C04F79EFBC}") = "lab3b", "lab3b\lab3b.csproj", "{90F0F96C-9F6B-458F-8CE5-1C1B9D454F70}"
EndProject
Project("{FAE04EC0-301F-11D3-BF4B-00C04F79EFBC}") = "lab7", "lab7\lab7.csproj", "{93DD273C-DC3F-43BF-8830-74F0151E803E}"
EndProject
Global
	GlobalSection(SolutionConfigurationPlatforms) = preSolution
		Debug|Any CPU = Debug|Any CPU
		Release|Any CPU = Release|Any CPU
	EndGlobalSection
	GlobalSection(ProjectConfigurationPlatforms) = postSolution
		{486DA3A4-0E94-4FCA-8B0F-52E04FE562B1}.Debug|Any CPU.ActiveCfg = Debug|Any CPU
		{486DA3A4-0E94-4FCA-8B0F-52E04FE562B1}.Debug|Any CPU.Build.0 = Debug|Any CPU
		{486DA3A4-0E94-4FCA-8B0F-52E04FE562B1}.Release|Any CPU.ActiveCfg = Release|Any CPU
		{486DA3A4-0E94-4FCA-8B0F-52E04FE562B1}.Release|Any CPU.Build.0 = Release|Any CPU
		{E44013C2-850B-4D7A-8BF6-5D1F5A5D1FA3}.Debug|Any CPU.ActiveCfg = Debug|Any CPU
		{E44013C2-850B-4D7A-8BF6-5D1F5A5D1FA3}.Debug|Any CPU.Build.0 = Debug|Any CPU
		{E44013C2-850B-4D7A-8BF6-5D1F5A5D1FA3}.Release|Any CPU.ActiveCfg = Release|Any CPU
		{E44013C2-850B-4D7A-8BF6-5D1F5A5D1FA3}.Release|Any CPU.Build.0 = Release|Any CPU
		{CE35C8DD-1E17-4C40-BA4A-C7B50A48CCDD}.Debug|Any CPU.ActiveCfg = Debug|Any CPU
		{CE35C8DD-1E17-4C40-BA4A-C7B50A48CCDD}.Debug|Any CPU.Build.0 = Debug|Any CPU
		{CE35C8DD-1E17-4C40-BA4A-C7B50A48CCDD}.Release|Any CPU.ActiveCfg = Release|Any CPU
		{CE35C8DD-1E17-4C40-BA4A-C7B50A48CCDD}.Release|Any CPU.Build.0 = Release|Any CPU
		{13FE94CE-8652-45A6-9791-9EC137929BF2}.Debug|Any CPU.ActiveCfg = Debug|Any CPU
		{13FE94CE-8652-45A6-9791-9EC137929BF2}.Debug|Any CPU.Build.0 = Debug|Any CPU
		{13FE94CE-8652-45A6-9791-9EC137929BF2}.Release|Any CPU.ActiveCfg = Release|Any CPU
		{13FE94CE-8652-45A6-9791-9EC137929BF2}.Release|Any CPU.Build.0 = Release|Any CPU
		{CA2A4C72-801B-4813-961B-342A782226D5}.Debug|Any CPU.ActiveCfg = Debug|Any CPU
		{CA2A4C72-801B-4813-961B-342A782226D5}.Debug|Any CPU.Build.0 = Debug|Any CPU
		{CA2A4C72-801B-4813-961B-342A782226D5}.Release|Any CPU.ActiveCfg = Release|Any CPU
		{CA2A4C72-801B-4813-961B-342A782226D5}.Release|Any CPU.Build.0 = Release|Any CPU
		{47CEED65-FCD9-4E13-8A83-2DEBD81164F2}.Debug|Any CPU.ActiveCfg = Debug|Any CPU
		{47CEED65-FCD9-4E13-8A83-2DEBD81164F2}.Debug|Any CPU.Build.0 = Debug|Any CPU
		{47CEED65-FCD9-4E13-8A83-2DEBD81164F2}.Release|Any CPU.ActiveCfg = Release|Any CPU
		{47CEED65-FCD9-4E13-8A83-2DEBD81164F2}.Release|Any CPU.Build.0 = Release|Any CPU
		{FB0FA27D-042D-4272-AD88-21DFF546A519}.Debug|Any CPU.ActiveCfg = Debug|Any CPU
		{FB0FA27D-042D-4272-AD88-21DFF546A519}.Debug|Any CPU.Build.0 = Debug|Any CPU
		{FB0FA27D-042D-4272-AD88-21DFF546A519}.Release|Any CPU.ActiveCfg = Release|Any CPU
		{FB0FA27D-042D-4272-AD88-21DFF546A519}.Release|Any CPU.Build.0 = Release|Any CPU
		{68FC760A-82FB-4E45-9F9F-FC87142E41C8}.Debug|Any CPU.ActiveCfg = Debug|Any CPU
		{68FC760A-82FB-4E45-9F9F-FC87142E41C8}.Debug|Any CPU.Build.0 = Debug|Any CPU
		{68FC760A-82FB-4E45-9F9F-FC87142E41C8}.Release|Any CPU.ActiveCfg = Release|Any CPU
		{68FC760A-82FB-4E45-9F9F-FC87142E41C8}.Release|Any CPU.Build.0 = Release|Any CPU
		{1DC4383E-CF83-4BC2-981D-4C8F70742BC0}.Debug|Any CPU.ActiveCfg = Debug|Any CPU
		{1DC4383E-CF83-4BC2-981D-4C8F70742BC0}.Debug|Any CPU.Build.0 = Debug|Any CPU
		{1DC4383E-CF83-4BC2-981D-4C8F70742BC0}.Release|Any CPU.ActiveCfg = Release|Any CPU
		{1DC4383E-CF83-4BC2-981D-4C8F70742BC0}.Release|Any CPU.Build.0 = Release|Any CPU
		{48660D82-72A0-489D-A2F1-E7EFC789B360}.Debug|Any CPU.ActiveCfg = Debug|Any CPU
		{48660D82-72A0-489D-A2F1-E7EFC789B360}.Debug|Any CPU.Build.0 = Debug|Any CPU
		{48660D82-72A0-489D-A2F1-E7EFC789B360}.Release|Any CPU.ActiveCfg = Release|Any CPU
		{48660D82-72A0-489D-A2F1-E7EFC789B360}.Release|Any CPU.Build.0 = Release|Any CPU
		{E1692B65-5B6B-4A36-8B7B-63CC2F91964D}.Debug|Any CPU.ActiveCfg = Debug|Any CPU
		{E1692B65-5B6B-4A36-8B7B-63CC2F91964D}.Debug|Any CPU.Build.0 = Debug|Any CPU
		{E1692B65-5B6B-4A36-8B7B-63CC2F91964D}.Release|Any CPU.ActiveCfg = Release|Any CPU
		{E1692B65-5B6B-4A36-8B7B-63CC2F91964D}.Release|Any CPU.Build.0 = Release|Any CPU
		{1832DD71-04BB-4ED9-AFE5-AD8F6FAE018F}.Debug|Any CPU.ActiveCfg = Debug|Any CPU
		{1832DD71-04BB-4ED9-AFE5-AD8F6FAE018F}.Debug|Any CPU.Build.0 = Debug|Any CPU
		{1832DD71-04BB-4ED9-AFE5-AD8F6FAE018F}.Release|Any CPU.ActiveCfg = Release|Any CPU
		{1832DD71-04BB-4ED9-AFE5-AD8F6FAE018F}.Release|Any CPU.Build.0 = Release|Any CPU
		{90F0F96C-9F6B-458F-8CE5-1C1B9D454F70}.Debug|Any CPU.ActiveCfg = Debug|Any CPU
		{90F0F96C-9F6B-458F-8CE5-1C1B9D454F70}.Debug|Any CPU.Build.0 = Debug|Any CPU
		{90F0F96C-9F6B-458F-8CE5-1C1B9D454F70}.Release|Any CPU.ActiveCfg = Release|Any CPU
		{90F0F96C-9F6B-458F-8CE5-1C1B9D454F70}.Release|Any CPU.Build.0 = Release|Any CPU
		{93DD273C-DC3F-43BF-8830-74F0151E803E}.Debug|Any CPU.ActiveCfg = Debug|Any CPU
		{93DD273C-DC3F-43BF-8830-74F0151E803E}.Debug|Any CPU.Build.0 = Debug|Any CPU
		{93DD273C-DC3F-43BF-8830-74F0151E803E}.Release|Any CPU.ActiveCfg = Release|Any CPU
		{93DD273C-DC3F-43BF-8830-74F0151E803E}.Release|Any CPU.Build.0 = Release|Any CPU
	EndGlobalSection
	GlobalSection(SolutionProperties) = preSolution
		HideSolutionNode = FALSE
	EndGlobalSection
	GlobalSection(ExtensibilityGlobals) = postSolution
		SolutionGuid = {A09542BF-5652-4ED7-8E34-F2CAE4F3C885}
	EndGlobalSection
EndGlobal
